// !$*UTF8*$!
{
	archiveVersion = 1;
	classes = {
	};
	objectVersion = 50;
	objects = {

/* Begin PBXBuildFile section */
		37456D5F27468544006FC0DA /* AppDelegate.swift in Sources */ = {isa = PBXBuildFile; fileRef = 37456D5E27468544006FC0DA /* AppDelegate.swift */; };
		37456D6127468544006FC0DA /* SceneDelegate.swift in Sources */ = {isa = PBXBuildFile; fileRef = 37456D6027468544006FC0DA /* SceneDelegate.swift */; };
		37456D6327468544006FC0DA /* ViewController.swift in Sources */ = {isa = PBXBuildFile; fileRef = 37456D6227468544006FC0DA /* ViewController.swift */; };
		37456D6627468544006FC0DA /* Main.storyboard in Resources */ = {isa = PBXBuildFile; fileRef = 37456D6427468544006FC0DA /* Main.storyboard */; };
		37456D6827468549006FC0DA /* Assets.xcassets in Resources */ = {isa = PBXBuildFile; fileRef = 37456D6727468549006FC0DA /* Assets.xcassets */; };
		37456D6B27468549006FC0DA /* LaunchScreen.storyboard in Resources */ = {isa = PBXBuildFile; fileRef = 37456D6927468549006FC0DA /* LaunchScreen.storyboard */; };
		37456D7627468549006FC0DA /* UdderTests.swift in Sources */ = {isa = PBXBuildFile; fileRef = 37456D7527468549006FC0DA /* UdderTests.swift */; };
		37456D812746854A006FC0DA /* UdderUITests.swift in Sources */ = {isa = PBXBuildFile; fileRef = 37456D802746854A006FC0DA /* UdderUITests.swift */; };
/* End PBXBuildFile section */

/* Begin PBXContainerItemProxy section */
		37456D7227468549006FC0DA /* PBXContainerItemProxy */ = {
			isa = PBXContainerItemProxy;
			containerPortal = 37456D5327468544006FC0DA /* Project object */;
			proxyType = 1;
			remoteGlobalIDString = 37456D5A27468544006FC0DA;
			remoteInfo = Udder;
		};
		37456D7D27468549006FC0DA /* PBXContainerItemProxy */ = {
			isa = PBXContainerItemProxy;
			containerPortal = 37456D5327468544006FC0DA /* Project object */;
			proxyType = 1;
			remoteGlobalIDString = 37456D5A27468544006FC0DA;
			remoteInfo = Udder;
		};
/* End PBXContainerItemProxy section */

/* Begin PBXFileReference section */
		37456D5B27468544006FC0DA /* Udder.app */ = {isa = PBXFileReference; explicitFileType = wrapper.application; includeInIndex = 0; path = Udder.app; sourceTree = BUILT_PRODUCTS_DIR; };
		37456D5E27468544006FC0DA /* AppDelegate.swift */ = {isa = PBXFileReference; lastKnownFileType = sourcecode.swift; path = AppDelegate.swift; sourceTree = "<group>"; };
		37456D6027468544006FC0DA /* SceneDelegate.swift */ = {isa = PBXFileReference; lastKnownFileType = sourcecode.swift; path = SceneDelegate.swift; sourceTree = "<group>"; };
		37456D6227468544006FC0DA /* ViewController.swift */ = {isa = PBXFileReference; lastKnownFileType = sourcecode.swift; path = ViewController.swift; sourceTree = "<group>"; };
		37456D6527468544006FC0DA /* Base */ = {isa = PBXFileReference; lastKnownFileType = file.storyboard; name = Base; path = Base.lproj/Main.storyboard; sourceTree = "<group>"; };
		37456D6727468549006FC0DA /* Assets.xcassets */ = {isa = PBXFileReference; lastKnownFileType = folder.assetcatalog; path = Assets.xcassets; sourceTree = "<group>"; };
		37456D6A27468549006FC0DA /* Base */ = {isa = PBXFileReference; lastKnownFileType = file.storyboard; name = Base; path = Base.lproj/LaunchScreen.storyboard; sourceTree = "<group>"; };
		37456D6C27468549006FC0DA /* Info.plist */ = {isa = PBXFileReference; lastKnownFileType = text.plist.xml; path = Info.plist; sourceTree = "<group>"; };
		37456D7127468549006FC0DA /* UdderTests.xctest */ = {isa = PBXFileReference; explicitFileType = wrapper.cfbundle; includeInIndex = 0; path = UdderTests.xctest; sourceTree = BUILT_PRODUCTS_DIR; };
		37456D7527468549006FC0DA /* UdderTests.swift */ = {isa = PBXFileReference; lastKnownFileType = sourcecode.swift; path = UdderTests.swift; sourceTree = "<group>"; };
		37456D7727468549006FC0DA /* Info.plist */ = {isa = PBXFileReference; lastKnownFileType = text.plist.xml; path = Info.plist; sourceTree = "<group>"; };
		37456D7C27468549006FC0DA /* UdderUITests.xctest */ = {isa = PBXFileReference; explicitFileType = wrapper.cfbundle; includeInIndex = 0; path = UdderUITests.xctest; sourceTree = BUILT_PRODUCTS_DIR; };
		37456D802746854A006FC0DA /* UdderUITests.swift */ = {isa = PBXFileReference; lastKnownFileType = sourcecode.swift; path = UdderUITests.swift; sourceTree = "<group>"; };
		37456D822746854A006FC0DA /* Info.plist */ = {isa = PBXFileReference; lastKnownFileType = text.plist.xml; path = Info.plist; sourceTree = "<group>"; };
/* End PBXFileReference section */

/* Begin PBXFrameworksBuildPhase section */
		37456D5827468544006FC0DA /* Frameworks */ = {
			isa = PBXFrameworksBuildPhase;
			buildActionMask = 2147483647;
			files = (
			);
			runOnlyForDeploymentPostprocessing = 0;
		};
		37456D6E27468549006FC0DA /* Frameworks */ = {
			isa = PBXFrameworksBuildPhase;
			buildActionMask = 2147483647;
			files = (
			);
			runOnlyForDeploymentPostprocessing = 0;
		};
		37456D7927468549006FC0DA /* Frameworks */ = {
			isa = PBXFrameworksBuildPhase;
			buildActionMask = 2147483647;
			files = (
			);
			runOnlyForDeploymentPostprocessing = 0;
		};
/* End PBXFrameworksBuildPhase section */

/* Begin PBXGroup section */
		37456D5227468544006FC0DA = {
			isa = PBXGroup;
			children = (
				37456D5D27468544006FC0DA /* Udder */,
				37456D7427468549006FC0DA /* UdderTests */,
				37456D7F2746854A006FC0DA /* UdderUITests */,
				37456D5C27468544006FC0DA /* Products */,
			);
			sourceTree = "<group>";
		};
		37456D5C27468544006FC0DA /* Products */ = {
			isa = PBXGroup;
			children = (
				37456D5B27468544006FC0DA /* Udder.app */,
				37456D7127468549006FC0DA /* UdderTests.xctest */,
				37456D7C27468549006FC0DA /* UdderUITests.xctest */,
			);
			name = Products;
			sourceTree = "<group>";
		};
		37456D5D27468544006FC0DA /* Udder */ = {
			isa = PBXGroup;
			children = (
				37456D5E27468544006FC0DA /* AppDelegate.swift */,
				37456D6027468544006FC0DA /* SceneDelegate.swift */,
				37456D6227468544006FC0DA /* ViewController.swift */,
				37456D6427468544006FC0DA /* Main.storyboard */,
				37456D6727468549006FC0DA /* Assets.xcassets */,
				37456D6927468549006FC0DA /* LaunchScreen.storyboard */,
				37456D6C27468549006FC0DA /* Info.plist */,
			);
			path = Udder;
			sourceTree = "<group>";
		};
		37456D7427468549006FC0DA /* UdderTests */ = {
			isa = PBXGroup;
			children = (
				37456D7527468549006FC0DA /* UdderTests.swift */,
				37456D7727468549006FC0DA /* Info.plist */,
			);
			path = UdderTests;
			sourceTree = "<group>";
		};
		37456D7F2746854A006FC0DA /* UdderUITests */ = {
			isa = PBXGroup;
			children = (
				37456D802746854A006FC0DA /* UdderUITests.swift */,
				37456D822746854A006FC0DA /* Info.plist */,
			);
			path = UdderUITests;
			sourceTree = "<group>";
		};
/* End PBXGroup section */

/* Begin PBXNativeTarget section */
		37456D5A27468544006FC0DA /* Udder */ = {
			isa = PBXNativeTarget;
			buildConfigurationList = 37456D852746854A006FC0DA /* Build configuration list for PBXNativeTarget "Udder" */;
			buildPhases = (
				37456D5727468544006FC0DA /* Sources */,
				37456D5827468544006FC0DA /* Frameworks */,
				37456D5927468544006FC0DA /* Resources */,
			);
			buildRules = (
			);
			dependencies = (
			);
			name = Udder;
			productName = Udder;
			productReference = 37456D5B27468544006FC0DA /* Udder.app */;
			productType = "com.apple.product-type.application";
		};
		37456D7027468549006FC0DA /* UdderTests */ = {
			isa = PBXNativeTarget;
			buildConfigurationList = 37456D882746854A006FC0DA /* Build configuration list for PBXNativeTarget "UdderTests" */;
			buildPhases = (
				37456D6D27468549006FC0DA /* Sources */,
				37456D6E27468549006FC0DA /* Frameworks */,
				37456D6F27468549006FC0DA /* Resources */,
			);
			buildRules = (
			);
			dependencies = (
				37456D7327468549006FC0DA /* PBXTargetDependency */,
			);
			name = UdderTests;
			productName = UdderTests;
			productReference = 37456D7127468549006FC0DA /* UdderTests.xctest */;
			productType = "com.apple.product-type.bundle.unit-test";
		};
		37456D7B27468549006FC0DA /* UdderUITests */ = {
			isa = PBXNativeTarget;
			buildConfigurationList = 37456D8B2746854A006FC0DA /* Build configuration list for PBXNativeTarget "UdderUITests" */;
			buildPhases = (
				37456D7827468549006FC0DA /* Sources */,
				37456D7927468549006FC0DA /* Frameworks */,
				37456D7A27468549006FC0DA /* Resources */,
			);
			buildRules = (
			);
			dependencies = (
				37456D7E27468549006FC0DA /* PBXTargetDependency */,
			);
			name = UdderUITests;
			productName = UdderUITests;
			productReference = 37456D7C27468549006FC0DA /* UdderUITests.xctest */;
			productType = "com.apple.product-type.bundle.ui-testing";
		};
/* End PBXNativeTarget section */

/* Begin PBXProject section */
		37456D5327468544006FC0DA /* Project object */ = {
			isa = PBXProject;
			attributes = {
				LastSwiftUpdateCheck = 1250;
				LastUpgradeCheck = 1250;
				TargetAttributes = {
					37456D5A27468544006FC0DA = {
						CreatedOnToolsVersion = 12.5;
					};
					37456D7027468549006FC0DA = {
						CreatedOnToolsVersion = 12.5;
						TestTargetID = 37456D5A27468544006FC0DA;
					};
					37456D7B27468549006FC0DA = {
						CreatedOnToolsVersion = 12.5;
						TestTargetID = 37456D5A27468544006FC0DA;
					};
				};
			};
			buildConfigurationList = 37456D5627468544006FC0DA /* Build configuration list for PBXProject "Udder" */;
			compatibilityVersion = "Xcode 9.3";
			developmentRegion = en;
			hasScannedForEncodings = 0;
			knownRegions = (
				en,
				Base,
			);
			mainGroup = 37456D5227468544006FC0DA;
			productRefGroup = 37456D5C27468544006FC0DA /* Products */;
			projectDirPath = "";
			projectRoot = "";
			targets = (
				37456D5A27468544006FC0DA /* Udder */,
				37456D7027468549006FC0DA /* UdderTests */,
				37456D7B27468549006FC0DA /* UdderUITests */,
			);
		};
/* End PBXProject section */

/* Begin PBXResourcesBuildPhase section */
		37456D5927468544006FC0DA /* Resources */ = {
			isa = PBXResourcesBuildPhase;
			buildActionMask = 2147483647;
			files = (
				37456D6B27468549006FC0DA /* LaunchScreen.storyboard in Resources */,
				37456D6827468549006FC0DA /* Assets.xcassets in Resources */,
				37456D6627468544006FC0DA /* Main.storyboard in Resources */,
			);
			runOnlyForDeploymentPostprocessing = 0;
		};
		37456D6F27468549006FC0DA /* Resources */ = {
			isa = PBXResourcesBuildPhase;
			buildActionMask = 2147483647;
			files = (
			);
			runOnlyForDeploymentPostprocessing = 0;
		};
		37456D7A27468549006FC0DA /* Resources */ = {
			isa = PBXResourcesBuildPhase;
			buildActionMask = 2147483647;
			files = (
			);
			runOnlyForDeploymentPostprocessing = 0;
		};
/* End PBXResourcesBuildPhase section */

/* Begin PBXSourcesBuildPhase section */
		37456D5727468544006FC0DA /* Sources */ = {
			isa = PBXSourcesBuildPhase;
			buildActionMask = 2147483647;
			files = (
				37456D6327468544006FC0DA /* ViewController.swift in Sources */,
				37456D5F27468544006FC0DA /* AppDelegate.swift in Sources */,
				37456D6127468544006FC0DA /* SceneDelegate.swift in Sources */,
			);
			runOnlyForDeploymentPostprocessing = 0;
		};
		37456D6D27468549006FC0DA /* Sources */ = {
			isa = PBXSourcesBuildPhase;
			buildActionMask = 2147483647;
			files = (
				37456D7627468549006FC0DA /* UdderTests.swift in Sources */,
			);
			runOnlyForDeploymentPostprocessing = 0;
		};
		37456D7827468549006FC0DA /* Sources */ = {
			isa = PBXSourcesBuildPhase;
			buildActionMask = 2147483647;
			files = (
				37456D812746854A006FC0DA /* UdderUITests.swift in Sources */,
			);
			runOnlyForDeploymentPostprocessing = 0;
		};
/* End PBXSourcesBuildPhase section */

/* Begin PBXTargetDependency section */
		37456D7327468549006FC0DA /* PBXTargetDependency */ = {
			isa = PBXTargetDependency;
			target = 37456D5A27468544006FC0DA /* Udder */;
			targetProxy = 37456D7227468549006FC0DA /* PBXContainerItemProxy */;
		};
		37456D7E27468549006FC0DA /* PBXTargetDependency */ = {
			isa = PBXTargetDependency;
			target = 37456D5A27468544006FC0DA /* Udder */;
			targetProxy = 37456D7D27468549006FC0DA /* PBXContainerItemProxy */;
		};
/* End PBXTargetDependency section */

/* Begin PBXVariantGroup section */
		37456D6427468544006FC0DA /* Main.storyboard */ = {
			isa = PBXVariantGroup;
			children = (
				37456D6527468544006FC0DA /* Base */,
			);
			name = Main.storyboard;
			sourceTree = "<group>";
		};
		37456D6927468549006FC0DA /* LaunchScreen.storyboard */ = {
			isa = PBXVariantGroup;
			children = (
				37456D6A27468549006FC0DA /* Base */,
			);
			name = LaunchScreen.storyboard;
			sourceTree = "<group>";
		};
/* End PBXVariantGroup section */

/* Begin XCBuildConfiguration section */
		37456D832746854A006FC0DA /* Debug */ = {
			isa = XCBuildConfiguration;
			buildSettings = {
				ALWAYS_SEARCH_USER_PATHS = NO;
				CLANG_ANALYZER_NONNULL = YES;
				CLANG_ANALYZER_NUMBER_OBJECT_CONVERSION = YES_AGGRESSIVE;
				CLANG_CXX_LANGUAGE_STANDARD = "gnu++14";
				CLANG_CXX_LIBRARY = "libc++";
				CLANG_ENABLE_MODULES = YES;
				CLANG_ENABLE_OBJC_ARC = YES;
				CLANG_ENABLE_OBJC_WEAK = YES;
				CLANG_WARN_BLOCK_CAPTURE_AUTORELEASING = YES;
				CLANG_WARN_BOOL_CONVERSION = YES;
				CLANG_WARN_COMMA = YES;
				CLANG_WARN_CONSTANT_CONVERSION = YES;
				CLANG_WARN_DEPRECATED_OBJC_IMPLEMENTATIONS = YES;
				CLANG_WARN_DIRECT_OBJC_ISA_USAGE = YES_ERROR;
				CLANG_WARN_DOCUMENTATION_COMMENTS = YES;
				CLANG_WARN_EMPTY_BODY = YES;
				CLANG_WARN_ENUM_CONVERSION = YES;
				CLANG_WARN_INFINITE_RECURSION = YES;
				CLANG_WARN_INT_CONVERSION = YES;
				CLANG_WARN_NON_LITERAL_NULL_CONVERSION = YES;
				CLANG_WARN_OBJC_IMPLICIT_RETAIN_SELF = YES;
				CLANG_WARN_OBJC_LITERAL_CONVERSION = YES;
				CLANG_WARN_OBJC_ROOT_CLASS = YES_ERROR;
				CLANG_WARN_QUOTED_INCLUDE_IN_FRAMEWORK_HEADER = YES;
				CLANG_WARN_RANGE_LOOP_ANALYSIS = YES;
				CLANG_WARN_STRICT_PROTOTYPES = YES;
				CLANG_WARN_SUSPICIOUS_MOVE = YES;
				CLANG_WARN_UNGUARDED_AVAILABILITY = YES_AGGRESSIVE;
				CLANG_WARN_UNREACHABLE_CODE = YES;
				CLANG_WARN__DUPLICATE_METHOD_MATCH = YES;
				COPY_PHASE_STRIP = NO;
				DEBUG_INFORMATION_FORMAT = dwarf;
				ENABLE_STRICT_OBJC_MSGSEND = YES;
				ENABLE_TESTABILITY = YES;
				GCC_C_LANGUAGE_STANDARD = gnu11;
				GCC_DYNAMIC_NO_PIC = NO;
				GCC_NO_COMMON_BLOCKS = YES;
				GCC_OPTIMIZATION_LEVEL = 0;
				GCC_PREPROCESSOR_DEFINITIONS = (
					"DEBUG=1",
					"$(inherited)",
				);
				GCC_WARN_64_TO_32_BIT_CONVERSION = YES;
				GCC_WARN_ABOUT_RETURN_TYPE = YES_ERROR;
				GCC_WARN_UNDECLARED_SELECTOR = YES;
				GCC_WARN_UNINITIALIZED_AUTOS = YES_AGGRESSIVE;
				GCC_WARN_UNUSED_FUNCTION = YES;
				GCC_WARN_UNUSED_VARIABLE = YES;
				IPHONEOS_DEPLOYMENT_TARGET = 14.5;
				MTL_ENABLE_DEBUG_INFO = INCLUDE_SOURCE;
				MTL_FAST_MATH = YES;
				ONLY_ACTIVE_ARCH = YES;
				SDKROOT = iphoneos;
				SWIFT_ACTIVE_COMPILATION_CONDITIONS = DEBUG;
				SWIFT_OPTIMIZATION_LEVEL = "-Onone";
			};
			name = Debug;
		};
		37456D842746854A006FC0DA /* Release */ = {
			isa = XCBuildConfiguration;
			buildSettings = {
				ALWAYS_SEARCH_USER_PATHS = NO;
				CLANG_ANALYZER_NONNULL = YES;
				CLANG_ANALYZER_NUMBER_OBJECT_CONVERSION = YES_AGGRESSIVE;
				CLANG_CXX_LANGUAGE_STANDARD = "gnu++14";
				CLANG_CXX_LIBRARY = "libc++";
				CLANG_ENABLE_MODULES = YES;
				CLANG_ENABLE_OBJC_ARC = YES;
				CLANG_ENABLE_OBJC_WEAK = YES;
				CLANG_WARN_BLOCK_CAPTURE_AUTORELEASING = YES;
				CLANG_WARN_BOOL_CONVERSION = YES;
				CLANG_WARN_COMMA = YES;
				CLANG_WARN_CONSTANT_CONVERSION = YES;
				CLANG_WARN_DEPRECATED_OBJC_IMPLEMENTATIONS = YES;
				CLANG_WARN_DIRECT_OBJC_ISA_USAGE = YES_ERROR;
				CLANG_WARN_DOCUMENTATION_COMMENTS = YES;
				CLANG_WARN_EMPTY_BODY = YES;
				CLANG_WARN_ENUM_CONVERSION = YES;
				CLANG_WARN_INFINITE_RECURSION = YES;
				CLANG_WARN_INT_CONVERSION = YES;
				CLANG_WARN_NON_LITERAL_NULL_CONVERSION = YES;
				CLANG_WARN_OBJC_IMPLICIT_RETAIN_SELF = YES;
				CLANG_WARN_OBJC_LITERAL_CONVERSION = YES;
				CLANG_WARN_OBJC_ROOT_CLASS = YES_ERROR;
				CLANG_WARN_QUOTED_INCLUDE_IN_FRAMEWORK_HEADER = YES;
				CLANG_WARN_RANGE_LOOP_ANALYSIS = YES;
				CLANG_WARN_STRICT_PROTOTYPES = YES;
				CLANG_WARN_SUSPICIOUS_MOVE = YES;
				CLANG_WARN_UNGUARDED_AVAILABILITY = YES_AGGRESSIVE;
				CLANG_WARN_UNREACHABLE_CODE = YES;
				CLANG_WARN__DUPLICATE_METHOD_MATCH = YES;
				COPY_PHASE_STRIP = NO;
				DEBUG_INFORMATION_FORMAT = "dwarf-with-dsym";
				ENABLE_NS_ASSERTIONS = NO;
				ENABLE_STRICT_OBJC_MSGSEND = YES;
				GCC_C_LANGUAGE_STANDARD = gnu11;
				GCC_NO_COMMON_BLOCKS = YES;
				GCC_WARN_64_TO_32_BIT_CONVERSION = YES;
				GCC_WARN_ABOUT_RETURN_TYPE = YES_ERROR;
				GCC_WARN_UNDECLARED_SELECTOR = YES;
				GCC_WARN_UNINITIALIZED_AUTOS = YES_AGGRESSIVE;
				GCC_WARN_UNUSED_FUNCTION = YES;
				GCC_WARN_UNUSED_VARIABLE = YES;
				IPHONEOS_DEPLOYMENT_TARGET = 14.5;
				MTL_ENABLE_DEBUG_INFO = NO;
				MTL_FAST_MATH = YES;
				SDKROOT = iphoneos;
				SWIFT_COMPILATION_MODE = wholemodule;
				SWIFT_OPTIMIZATION_LEVEL = "-O";
				VALIDATE_PRODUCT = YES;
			};
			name = Release;
		};
		37456D862746854A006FC0DA /* Debug */ = {
			isa = XCBuildConfiguration;
			buildSettings = {
				ASSETCATALOG_COMPILER_APPICON_NAME = AppIcon;
				ASSETCATALOG_COMPILER_GLOBAL_ACCENT_COLOR_NAME = AccentColor;
				CODE_SIGN_STYLE = Automatic;
				INFOPLIST_FILE = Udder/Info.plist;
				LD_RUNPATH_SEARCH_PATHS = (
					"$(inherited)",
					"@executable_path/Frameworks",
				);
				PRODUCT_BUNDLE_IDENTIFIER = com.clkgroup.Udder;
				PRODUCT_NAME = "$(TARGET_NAME)";
				SWIFT_VERSION = 5.0;
				TARGETED_DEVICE_FAMILY = "1,2";
			};
			name = Debug;
		};
		37456D872746854A006FC0DA /* Release */ = {
			isa = XCBuildConfiguration;
			buildSettings = {
				ASSETCATALOG_COMPILER_APPICON_NAME = AppIcon;
				ASSETCATALOG_COMPILER_GLOBAL_ACCENT_COLOR_NAME = AccentColor;
				CODE_SIGN_STYLE = Automatic;
				INFOPLIST_FILE = Udder/Info.plist;
				LD_RUNPATH_SEARCH_PATHS = (
					"$(inherited)",
					"@executable_path/Frameworks",
				);
				PRODUCT_BUNDLE_IDENTIFIER = com.clkgroup.Udder;
				PRODUCT_NAME = "$(TARGET_NAME)";
				SWIFT_VERSION = 5.0;
				TARGETED_DEVICE_FAMILY = "1,2";
			};
			name = Release;
		};
		37456D892746854A006FC0DA /* Debug */ = {
			isa = XCBuildConfiguration;
			buildSettings = {
				ALWAYS_EMBED_SWIFT_STANDARD_LIBRARIES = YES;
				BUNDLE_LOADER = "$(TEST_HOST)";
				CODE_SIGN_STYLE = Automatic;
				INFOPLIST_FILE = UdderTests/Info.plist;
				IPHONEOS_DEPLOYMENT_TARGET = 14.5;
				LD_RUNPATH_SEARCH_PATHS = (
					"$(inherited)",
					"@executable_path/Frameworks",
					"@loader_path/Frameworks",
				);
				PRODUCT_BUNDLE_IDENTIFIER = com.clkgroup.UdderTests;
				PRODUCT_NAME = "$(TARGET_NAME)";
				SWIFT_VERSION = 5.0;
				TARGETED_DEVICE_FAMILY = "1,2";
				TEST_HOST = "$(BUILT_PRODUCTS_DIR)/Udder.app/Udder";
			};
			name = Debug;
		};
		37456D8A2746854A006FC0DA /* Release */ = {
			isa = XCBuildConfiguration;
			buildSettings = {
				ALWAYS_EMBED_SWIFT_STANDARD_LIBRARIES = YES;
				BUNDLE_LOADER = "$(TEST_HOST)";
				CODE_SIGN_STYLE = Automatic;
				INFOPLIST_FILE = UdderTests/Info.plist;
				IPHONEOS_DEPLOYMENT_TARGET = 14.5;
				LD_RUNPATH_SEARCH_PATHS = (
					"$(inherited)",
					"@executable_path/Frameworks",
					"@loader_path/Frameworks",
				);
				PRODUCT_BUNDLE_IDENTIFIER = com.clkgroup.UdderTests;
				PRODUCT_NAME = "$(TARGET_NAME)";
				SWIFT_VERSION = 5.0;
				TARGETED_DEVICE_FAMILY = "1,2";
				TEST_HOST = "$(BUILT_PRODUCTS_DIR)/Udder.app/Udder";
			};
			name = Release;
		};
		37456D8C2746854A006FC0DA /* Debug */ = {
			isa = XCBuildConfiguration;
			buildSettings = {
				ALWAYS_EMBED_SWIFT_STANDARD_LIBRARIES = YES;
				CODE_SIGN_STYLE = Automatic;
				INFOPLIST_FILE = UdderUITests/Info.plist;
				LD_RUNPATH_SEARCH_PATHS = (
					"$(inherited)",
					"@executable_path/Frameworks",
					"@loader_path/Frameworks",
				);
				PRODUCT_BUNDLE_IDENTIFIER = com.clkgroup.UdderUITests;
				PRODUCT_NAME = "$(TARGET_NAME)";
				SWIFT_VERSION = 5.0;
				TARGETED_DEVICE_FAMILY = "1,2";
				TEST_TARGET_NAME = Udder;
			};
			name = Debug;
		};
		37456D8D2746854A006FC0DA /* Release */ = {
			isa = XCBuildConfiguration;
			buildSettings = {
				ALWAYS_EMBED_SWIFT_STANDARD_LIBRARIES = YES;
				CODE_SIGN_STYLE = Automatic;
				INFOPLIST_FILE = UdderUITests/Info.plist;
				LD_RUNPATH_SEARCH_PATHS = (
					"$(inherited)",
					"@executable_path/Frameworks",
					"@loader_path/Frameworks",
				);
				PRODUCT_BUNDLE_IDENTIFIER = com.clkgroup.UdderUITests;
				PRODUCT_NAME = "$(TARGET_NAME)";
				SWIFT_VERSION = 5.0;
				TARGETED_DEVICE_FAMILY = "1,2";
				TEST_TARGET_NAME = Udder;
			};
			name = Release;
		};
/* End XCBuildConfiguration section */

/* Begin XCConfigurationList section */
		37456D5627468544006FC0DA /* Build configuration list for PBXProject "Udder" */ = {
			isa = XCConfigurationList;
			buildConfigurations = (
				37456D832746854A006FC0DA /* Debug */,
				37456D842746854A006FC0DA /* Release */,
			);
			defaultConfigurationIsVisible = 0;
			defaultConfigurationName = Release;
		};
		37456D852746854A006FC0DA /* Build configuration list for PBXNativeTarget "Udder" */ = {
			isa = XCConfigurationList;
			buildConfigurations = (
				37456D862746854A006FC0DA /* Debug */,
				37456D872746854A006FC0DA /* Release */,
			);
			defaultConfigurationIsVisible = 0;
			defaultConfigurationName = Release;
		};
		37456D882746854A006FC0DA /* Build configuration list for PBXNativeTarget "UdderTests" */ = {
			isa = XCConfigurationList;
			buildConfigurations = (
				37456D892746854A006FC0DA /* Debug */,
				37456D8A2746854A006FC0DA /* Release */,
			);
			defaultConfigurationIsVisible = 0;
			defaultConfigurationName = Release;
		};
		37456D8B2746854A006FC0DA /* Build configuration list for PBXNativeTarget "UdderUITests" */ = {
			isa = XCConfigurationList;
			buildConfigurations = (
				37456D8C2746854A006FC0DA /* Debug */,
				37456D8D2746854A006FC0DA /* Release */,
			);
			defaultConfigurationIsVisible = 0;
			defaultConfigurationName = Release;
		};
/* End XCConfigurationList section */
	};
	rootObject = 37456D5327468544006FC0DA /* Project object */;
}
